
Microsoft Visual Studio Solution File, Format Version 12.00
# Visual Studio 15
VisualStudioVersion = 15.0.28307.2092
MinimumVisualStudioVersion = 10.0.40219.1
Project("{8BC9CEB8-8B4A-11D0-8D11-00A0C91BC942}") = "hw5_p06", "hw5_p06.vcxproj", "{1423CAFC-54C8-4D5C-A46B-56A37959BB72}"
EndProject
Global
	GlobalSection(SolutionConfigurationPlatforms) = preSolution
		Debug|x64 = Debug|x64
		Debug|x86 = Debug|x86
		Release|x64 = Release|x64
		Release|x86 = Release|x86
	EndGlobalSection
	GlobalSection(ProjectConfigurationPlatforms) = postSolution
		{1423CAFC-54C8-4D5C-A46B-56A37959BB72}.Debug|x64.ActiveCfg = Debug|x64
		{1423CAFC-54C8-4D5C-A46B-56A37959BB72}.Debug|x64.Build.0 = Debug|x64
		{1423CAFC-54C8-4D5C-A46B-56A37959BB72}.Debug|x86.ActiveCfg = Debug|Win32
		{1423CAFC-54C8-4D5C-A46B-56A37959BB72}.Debug|x86.Build.0 = Debug|Win32
		{1423CAFC-54C8-4D5C-A46B-56A37959BB72}.Release|x64.ActiveCfg = Release|x64
		{1423CAFC-54C8-4D5C-A46B-56A37959BB72}.Release|x64.Build.0 = Release|x64
		{1423CAFC-54C8-4D5C-A46B-56A37959BB72}.Release|x86.ActiveCfg = Release|Win32
		{1423CAFC-54C8-4D5C-A46B-56A37959BB72}.Release|x86.Build.0 = Release|Win32
	EndGlobalSection
	GlobalSection(SolutionProperties) = preSolution
		HideSolutionNode = FALSE
	EndGlobalSection
	GlobalSection(ExtensibilityGlobals) = postSolution
		SolutionGuid = {79FB4CE7-7EEC-4383-86EE-4361B1D5958F}
	EndGlobalSection
EndGlobal
